// !$*UTF8*$!
{
	archiveVersion = 1;
	classes = {
	};
	objectVersion = 50;
	objects = {

/* Begin PBXBuildFile section */
		2C0BA88F24D6C685006759FE /* ViewController.swift in Sources */ = {isa = PBXBuildFile; fileRef = 2C0BA88E24D6C685006759FE /* ViewController.swift */; };
		2C0BA89424D6C997006759FE /* View.swift in Sources */ = {isa = PBXBuildFile; fileRef = 2C0BA89324D6C997006759FE /* View.swift */; };
		2C0C9DDF24D6D4F900CB4817 /* UIView+Extensions.swift in Sources */ = {isa = PBXBuildFile; fileRef = 2C0C9DDE24D6D4F900CB4817 /* UIView+Extensions.swift */; };
		2C828A0124D201AE00E5C5FF /* VKSdkFramework.framework in Frameworks */ = {isa = PBXBuildFile; fileRef = 2C828A0024D201AE00E5C5FF /* VKSdkFramework.framework */; };
		2C828A0224D201AE00E5C5FF /* VKSdkFramework.framework in Embed Frameworks */ = {isa = PBXBuildFile; fileRef = 2C828A0024D201AE00E5C5FF /* VKSdkFramework.framework */; settings = {ATTRIBUTES = (CodeSignOnCopy, RemoveHeadersOnCopy, ); }; };
		2C828A0824D201C900E5C5FF /* Kingfisher.framework in Frameworks */ = {isa = PBXBuildFile; fileRef = 2C828A0724D201C900E5C5FF /* Kingfisher.framework */; };
		2C828A0924D201C900E5C5FF /* Kingfisher.framework in Embed Frameworks */ = {isa = PBXBuildFile; fileRef = 2C828A0724D201C900E5C5FF /* Kingfisher.framework */; settings = {ATTRIBUTES = (CodeSignOnCopy, RemoveHeadersOnCopy, ); }; };
		2C828A0B24D201D800E5C5FF /* Alamofire.framework in Frameworks */ = {isa = PBXBuildFile; fileRef = 2C828A0A24D201D700E5C5FF /* Alamofire.framework */; };
		2C828A0C24D201D800E5C5FF /* Alamofire.framework in Embed Frameworks */ = {isa = PBXBuildFile; fileRef = 2C828A0A24D201D700E5C5FF /* Alamofire.framework */; settings = {ATTRIBUTES = (CodeSignOnCopy, RemoveHeadersOnCopy, ); }; };
		2C828A1224D20CBA00E5C5FF /* SignInViewController.swift in Sources */ = {isa = PBXBuildFile; fileRef = 2C828A1124D20CBA00E5C5FF /* SignInViewController.swift */; };
		2C828A1424D20CD100E5C5FF /* SignInView.swift in Sources */ = {isa = PBXBuildFile; fileRef = 2C828A1324D20CD100E5C5FF /* SignInView.swift */; };
		2C828A1624D2121200E5C5FF /* SignInViewProtocol.swift in Sources */ = {isa = PBXBuildFile; fileRef = 2C828A1524D2121200E5C5FF /* SignInViewProtocol.swift */; };
		2C9AD28024D1EC0A009D8474 /* AppDelegate.swift in Sources */ = {isa = PBXBuildFile; fileRef = 2C9AD27F24D1EC0A009D8474 /* AppDelegate.swift */; };
		2C9AD28924D1EC0B009D8474 /* Assets.xcassets in Resources */ = {isa = PBXBuildFile; fileRef = 2C9AD28824D1EC0B009D8474 /* Assets.xcassets */; };
		2C9AD28C24D1EC0B009D8474 /* LaunchScreen.storyboard in Resources */ = {isa = PBXBuildFile; fileRef = 2C9AD28A24D1EC0B009D8474 /* LaunchScreen.storyboard */; };
/* End PBXBuildFile section */

/* Begin PBXCopyFilesBuildPhase section */
		2C828A0324D201AE00E5C5FF /* Embed Frameworks */ = {
			isa = PBXCopyFilesBuildPhase;
			buildActionMask = 2147483647;
			dstPath = "";
			dstSubfolderSpec = 10;
			files = (
				2C828A0924D201C900E5C5FF /* Kingfisher.framework in Embed Frameworks */,
				2C828A0C24D201D800E5C5FF /* Alamofire.framework in Embed Frameworks */,
				2C828A0224D201AE00E5C5FF /* VKSdkFramework.framework in Embed Frameworks */,
			);
			name = "Embed Frameworks";
			runOnlyForDeploymentPostprocessing = 0;
		};
/* End PBXCopyFilesBuildPhase section */

/* Begin PBXFileReference section */
		2C0BA88E24D6C685006759FE /* ViewController.swift */ = {isa = PBXFileReference; lastKnownFileType = sourcecode.swift; path = ViewController.swift; sourceTree = "<group>"; };
		2C0BA89324D6C997006759FE /* View.swift */ = {isa = PBXFileReference; lastKnownFileType = sourcecode.swift; path = View.swift; sourceTree = "<group>"; };
		2C0C9DDE24D6D4F900CB4817 /* UIView+Extensions.swift */ = {isa = PBXFileReference; lastKnownFileType = sourcecode.swift; path = "UIView+Extensions.swift"; sourceTree = "<group>"; };
		2C828A0024D201AE00E5C5FF /* VKSdkFramework.framework */ = {isa = PBXFileReference; lastKnownFileType = wrapper.framework; name = VKSdkFramework.framework; path = Carthage/Build/iOS/VKSdkFramework.framework; sourceTree = "<group>"; };
		2C828A0424D201B800E5C5FF /* VkNewsFeed.xcodeproj */ = {isa = PBXFileReference; lastKnownFileType = "wrapper.pb-project"; path = VkNewsFeed.xcodeproj; sourceTree = "<group>"; };
		2C828A0724D201C900E5C5FF /* Kingfisher.framework */ = {isa = PBXFileReference; lastKnownFileType = wrapper.framework; name = Kingfisher.framework; path = Carthage/Build/iOS/Kingfisher.framework; sourceTree = "<group>"; };
		2C828A0A24D201D700E5C5FF /* Alamofire.framework */ = {isa = PBXFileReference; lastKnownFileType = wrapper.framework; name = Alamofire.framework; path = Carthage/Build/iOS/Alamofire.framework; sourceTree = "<group>"; };
		2C828A1124D20CBA00E5C5FF /* SignInViewController.swift */ = {isa = PBXFileReference; lastKnownFileType = sourcecode.swift; path = SignInViewController.swift; sourceTree = "<group>"; };
		2C828A1324D20CD100E5C5FF /* SignInView.swift */ = {isa = PBXFileReference; lastKnownFileType = sourcecode.swift; path = SignInView.swift; sourceTree = "<group>"; };
		2C828A1524D2121200E5C5FF /* SignInViewProtocol.swift */ = {isa = PBXFileReference; lastKnownFileType = sourcecode.swift; path = SignInViewProtocol.swift; sourceTree = "<group>"; };
		2C9AD27C24D1EC0A009D8474 /* VkNewsFeed.app */ = {isa = PBXFileReference; explicitFileType = wrapper.application; includeInIndex = 0; path = VkNewsFeed.app; sourceTree = BUILT_PRODUCTS_DIR; };
		2C9AD27F24D1EC0A009D8474 /* AppDelegate.swift */ = {isa = PBXFileReference; lastKnownFileType = sourcecode.swift; path = AppDelegate.swift; sourceTree = "<group>"; };
		2C9AD28824D1EC0B009D8474 /* Assets.xcassets */ = {isa = PBXFileReference; lastKnownFileType = folder.assetcatalog; path = Assets.xcassets; sourceTree = "<group>"; };
		2C9AD28D24D1EC0B009D8474 /* Info.plist */ = {isa = PBXFileReference; lastKnownFileType = text.plist.xml; path = Info.plist; sourceTree = "<group>"; };
		2C9AD29324D1EC23009D8474 /* en */ = {isa = PBXFileReference; lastKnownFileType = file.storyboard; name = en; path = en.lproj/LaunchScreen.storyboard; sourceTree = "<group>"; };
/* End PBXFileReference section */

/* Begin PBXFrameworksBuildPhase section */
		2C9AD27924D1EC0A009D8474 /* Frameworks */ = {
			isa = PBXFrameworksBuildPhase;
			buildActionMask = 2147483647;
			files = (
				2C828A0824D201C900E5C5FF /* Kingfisher.framework in Frameworks */,
				2C828A0B24D201D800E5C5FF /* Alamofire.framework in Frameworks */,
				2C828A0124D201AE00E5C5FF /* VKSdkFramework.framework in Frameworks */,
			);
			runOnlyForDeploymentPostprocessing = 0;
		};
/* End PBXFrameworksBuildPhase section */

/* Begin PBXGroup section */
		2C0BA88B24D6C668006759FE /* Core */ = {
			isa = PBXGroup;
			children = (
				2C0C9DDD24D6D4E100CB4817 /* Extensions */,
				2C0BA88C24D6C672006759FE /* UI */,
			);
			path = Core;
			sourceTree = "<group>";
		};
		2C0BA88C24D6C672006759FE /* UI */ = {
			isa = PBXGroup;
			children = (
				2C0BA89224D6C98A006759FE /* View */,
				2C0BA88D24D6C677006759FE /* ViewController */,
			);
			path = UI;
			sourceTree = "<group>";
		};
		2C0BA88D24D6C677006759FE /* ViewController */ = {
			isa = PBXGroup;
			children = (
				2C0BA88E24D6C685006759FE /* ViewController.swift */,
			);
			path = ViewController;
			sourceTree = "<group>";
		};
		2C0BA89024D6C7ED006759FE /* ViewController */ = {
			isa = PBXGroup;
			children = (
				2C828A1124D20CBA00E5C5FF /* SignInViewController.swift */,
				2C828A1524D2121200E5C5FF /* SignInViewProtocol.swift */,
			);
			path = ViewController;
			sourceTree = "<group>";
		};
		2C0BA89124D6C7F4006759FE /* View */ = {
			isa = PBXGroup;
			children = (
				2C828A1324D20CD100E5C5FF /* SignInView.swift */,
			);
			path = View;
			sourceTree = "<group>";
		};
		2C0BA89224D6C98A006759FE /* View */ = {
			isa = PBXGroup;
			children = (
				2C0BA89324D6C997006759FE /* View.swift */,
			);
			path = View;
			sourceTree = "<group>";
		};
		2C0C9DDD24D6D4E100CB4817 /* Extensions */ = {
			isa = PBXGroup;
			children = (
				2C0C9DDE24D6D4F900CB4817 /* UIView+Extensions.swift */,
			);
			path = Extensions;
			sourceTree = "<group>";
		};
		2C8289FF24D201AE00E5C5FF /* Frameworks */ = {
			isa = PBXGroup;
			children = (
				2C828A0A24D201D700E5C5FF /* Alamofire.framework */,
				2C828A0724D201C900E5C5FF /* Kingfisher.framework */,
				2C828A0424D201B800E5C5FF /* VkNewsFeed.xcodeproj */,
				2C828A0024D201AE00E5C5FF /* VKSdkFramework.framework */,
			);
			name = Frameworks;
			sourceTree = "<group>";
		};
		2C828A0524D201B800E5C5FF /* Products */ = {
			isa = PBXGroup;
			name = Products;
			sourceTree = "<group>";
		};
		2C828A0D24D20A0500E5C5FF /* Domain */ = {
			isa = PBXGroup;
			children = (
			);
			path = Domain;
			sourceTree = "<group>";
		};
		2C828A0E24D20A2D00E5C5FF /* Presentation */ = {
			isa = PBXGroup;
			children = (
				2C828A1024D20A5300E5C5FF /* SignIn */,
			);
			path = Presentation;
			sourceTree = "<group>";
		};
		2C828A1024D20A5300E5C5FF /* SignIn */ = {
			isa = PBXGroup;
			children = (
				2C0BA89124D6C7F4006759FE /* View */,
				2C0BA89024D6C7ED006759FE /* ViewController */,
			);
			path = SignIn;
			sourceTree = "<group>";
		};
		2C9AD27324D1EC0A009D8474 = {
			isa = PBXGroup;
			children = (
				2C9AD27E24D1EC0A009D8474 /* VkNewsFeed */,
				2C9AD27D24D1EC0A009D8474 /* Products */,
				2C8289FF24D201AE00E5C5FF /* Frameworks */,
			);
			sourceTree = "<group>";
		};
		2C9AD27D24D1EC0A009D8474 /* Products */ = {
			isa = PBXGroup;
			children = (
				2C9AD27C24D1EC0A009D8474 /* VkNewsFeed.app */,
			);
			name = Products;
			sourceTree = "<group>";
		};
		2C9AD27E24D1EC0A009D8474 /* VkNewsFeed */ = {
			isa = PBXGroup;
			children = (
				2C9AD29624D1F604009D8474 /* Classes */,
				2C9AD29524D1F5F6009D8474 /* Resources */,
				2C9AD29724D1F616009D8474 /* SupportFiles */,
			);
			path = VkNewsFeed;
			sourceTree = "<group>";
		};
		2C9AD29524D1F5F6009D8474 /* Resources */ = {
			isa = PBXGroup;
			children = (
				2C9AD28824D1EC0B009D8474 /* Assets.xcassets */,
				2C9AD28A24D1EC0B009D8474 /* LaunchScreen.storyboard */,
			);
			path = Resources;
			sourceTree = "<group>";
		};
		2C9AD29624D1F604009D8474 /* Classes */ = {
			isa = PBXGroup;
			children = (
				2C0BA88B24D6C668006759FE /* Core */,
				2C9AD29824D1F66E009D8474 /* Application */,
				2C828A0D24D20A0500E5C5FF /* Domain */,
				2C828A0E24D20A2D00E5C5FF /* Presentation */,
			);
			path = Classes;
			sourceTree = "<group>";
		};
		2C9AD29724D1F616009D8474 /* SupportFiles */ = {
			isa = PBXGroup;
			children = (
				2C9AD28D24D1EC0B009D8474 /* Info.plist */,
			);
			path = SupportFiles;
			sourceTree = "<group>";
		};
		2C9AD29824D1F66E009D8474 /* Application */ = {
			isa = PBXGroup;
			children = (
				2C9AD27F24D1EC0A009D8474 /* AppDelegate.swift */,
				2C9AD29924D1F67C009D8474 /* DI */,
			);
			path = Application;
			sourceTree = "<group>";
		};
		2C9AD29924D1F67C009D8474 /* DI */ = {
			isa = PBXGroup;
			children = (
			);
			path = DI;
			sourceTree = "<group>";
		};
/* End PBXGroup section */

/* Begin PBXNativeTarget section */
		2C9AD27B24D1EC0A009D8474 /* VkNewsFeed */ = {
			isa = PBXNativeTarget;
			buildConfigurationList = 2C9AD29024D1EC0B009D8474 /* Build configuration list for PBXNativeTarget "VkNewsFeed" */;
			buildPhases = (
				2C9AD27824D1EC0A009D8474 /* Sources */,
				2C9AD27924D1EC0A009D8474 /* Frameworks */,
				2C9AD27A24D1EC0A009D8474 /* Resources */,
				2C9AD29A24D1F9BC009D8474 /* Cartfile */,
				2C828A0324D201AE00E5C5FF /* Embed Frameworks */,
			);
			buildRules = (
			);
			dependencies = (
			);
			name = VkNewsFeed;
			productName = VkNewsFeed;
			productReference = 2C9AD27C24D1EC0A009D8474 /* VkNewsFeed.app */;
			productType = "com.apple.product-type.application";
		};
/* End PBXNativeTarget section */

/* Begin PBXProject section */
		2C9AD27424D1EC0A009D8474 /* Project object */ = {
			isa = PBXProject;
			attributes = {
				LastSwiftUpdateCheck = 1150;
				LastUpgradeCheck = 1150;
				ORGANIZATIONNAME = Masalskikh;
				TargetAttributes = {
					2C9AD27B24D1EC0A009D8474 = {
						CreatedOnToolsVersion = 11.5;
					};
				};
			};
			buildConfigurationList = 2C9AD27724D1EC0A009D8474 /* Build configuration list for PBXProject "VkNewsFeed" */;
			compatibilityVersion = "Xcode 9.3";
			developmentRegion = en;
			hasScannedForEncodings = 0;
			knownRegions = (
				en,
			);
			mainGroup = 2C9AD27324D1EC0A009D8474;
			productRefGroup = 2C9AD27D24D1EC0A009D8474 /* Products */;
			projectDirPath = "";
			projectReferences = (
				{
					ProductGroup = 2C828A0524D201B800E5C5FF /* Products */;
					ProjectRef = 2C828A0424D201B800E5C5FF /* VkNewsFeed.xcodeproj */;
				},
			);
			projectRoot = "";
			targets = (
				2C9AD27B24D1EC0A009D8474 /* VkNewsFeed */,
			);
		};
/* End PBXProject section */

/* Begin PBXResourcesBuildPhase section */
		2C9AD27A24D1EC0A009D8474 /* Resources */ = {
			isa = PBXResourcesBuildPhase;
			buildActionMask = 2147483647;
			files = (
				2C9AD28C24D1EC0B009D8474 /* LaunchScreen.storyboard in Resources */,
				2C9AD28924D1EC0B009D8474 /* Assets.xcassets in Resources */,
			);
			runOnlyForDeploymentPostprocessing = 0;
		};
/* End PBXResourcesBuildPhase section */

/* Begin PBXShellScriptBuildPhase section */
		2C9AD29A24D1F9BC009D8474 /* Cartfile */ = {
			isa = PBXShellScriptBuildPhase;
			buildActionMask = 8;
			files = (
			);
			inputFileListPaths = (
			);
			inputPaths = (
				"$(SRCROOT)/Carthage/Build/iOS/BraintreeCore.framework",
				"$(SRCROOT)/Carthage/Build/iOS/Alamofire.framework",
				"$(SRCROOT)/Carthage/Build/iOS/BraintreeCore.framework",
			);
			name = Cartfile;
			outputFileListPaths = (
			);
			outputPaths = (
				"$(BUILT_PRODUCTS_DIR)/$(FRAMEWORKS_FOLDER_PATH)/BraintreeCore.framework",
				"$(BUILT_PRODUCTS_DIR)/$(FRAMEWORKS_FOLDER_PATH)/Alamofire.framework",
				"$(BUILT_PRODUCTS_DIR)/$(FRAMEWORKS_FOLDER_PATH)/BraintreeCore.framework",
			);
			runOnlyForDeploymentPostprocessing = 1;
			shellPath = /bin/sh;
			shellScript = "/usr/local/bin/carthage copy-frameworks\n";
		};
/* End PBXShellScriptBuildPhase section */

/* Begin PBXSourcesBuildPhase section */
		2C9AD27824D1EC0A009D8474 /* Sources */ = {
			isa = PBXSourcesBuildPhase;
			buildActionMask = 2147483647;
			files = (
				2C0C9DDF24D6D4F900CB4817 /* UIView+Extensions.swift in Sources */,
				2C0BA88F24D6C685006759FE /* ViewController.swift in Sources */,
				2C828A1624D2121200E5C5FF /* SignInViewProtocol.swift in Sources */,
				2C0BA89424D6C997006759FE /* View.swift in Sources */,
				2C828A1424D20CD100E5C5FF /* SignInView.swift in Sources */,
				2C828A1224D20CBA00E5C5FF /* SignInViewController.swift in Sources */,
				2C9AD28024D1EC0A009D8474 /* AppDelegate.swift in Sources */,
			);
			runOnlyForDeploymentPostprocessing = 0;
		};
/* End PBXSourcesBuildPhase section */

/* Begin PBXVariantGroup section */
		2C9AD28A24D1EC0B009D8474 /* LaunchScreen.storyboard */ = {
			isa = PBXVariantGroup;
			children = (
				2C9AD29324D1EC23009D8474 /* en */,
			);
			name = LaunchScreen.storyboard;
			sourceTree = "<group>";
		};
/* End PBXVariantGroup section */

/* Begin XCBuildConfiguration section */
		2C9AD28E24D1EC0B009D8474 /* Debug */ = {
			isa = XCBuildConfiguration;
			buildSettings = {
				ALWAYS_SEARCH_USER_PATHS = NO;
				CLANG_ANALYZER_NONNULL = YES;
				CLANG_ANALYZER_NUMBER_OBJECT_CONVERSION = YES_AGGRESSIVE;
				CLANG_CXX_LANGUAGE_STANDARD = "gnu++14";
				CLANG_CXX_LIBRARY = "libc++";
				CLANG_ENABLE_MODULES = YES;
				CLANG_ENABLE_OBJC_ARC = YES;
				CLANG_ENABLE_OBJC_WEAK = YES;
				CLANG_WARN_BLOCK_CAPTURE_AUTORELEASING = YES;
				CLANG_WARN_BOOL_CONVERSION = YES;
				CLANG_WARN_COMMA = YES;
				CLANG_WARN_CONSTANT_CONVERSION = YES;
				CLANG_WARN_DEPRECATED_OBJC_IMPLEMENTATIONS = YES;
				CLANG_WARN_DIRECT_OBJC_ISA_USAGE = YES_ERROR;
				CLANG_WARN_DOCUMENTATION_COMMENTS = YES;
				CLANG_WARN_EMPTY_BODY = YES;
				CLANG_WARN_ENUM_CONVERSION = YES;
				CLANG_WARN_INFINITE_RECURSION = YES;
				CLANG_WARN_INT_CONVERSION = YES;
				CLANG_WARN_NON_LITERAL_NULL_CONVERSION = YES;
				CLANG_WARN_OBJC_IMPLICIT_RETAIN_SELF = YES;
				CLANG_WARN_OBJC_LITERAL_CONVERSION = YES;
				CLANG_WARN_OBJC_ROOT_CLASS = YES_ERROR;
				CLANG_WARN_RANGE_LOOP_ANALYSIS = YES;
				CLANG_WARN_STRICT_PROTOTYPES = YES;
				CLANG_WARN_SUSPICIOUS_MOVE = YES;
				CLANG_WARN_UNGUARDED_AVAILABILITY = YES_AGGRESSIVE;
				CLANG_WARN_UNREACHABLE_CODE = YES;
				CLANG_WARN__DUPLICATE_METHOD_MATCH = YES;
				COPY_PHASE_STRIP = NO;
				DEBUG_INFORMATION_FORMAT = dwarf;
				ENABLE_STRICT_OBJC_MSGSEND = YES;
				ENABLE_TESTABILITY = YES;
				GCC_C_LANGUAGE_STANDARD = gnu11;
				GCC_DYNAMIC_NO_PIC = NO;
				GCC_NO_COMMON_BLOCKS = YES;
				GCC_OPTIMIZATION_LEVEL = 0;
				GCC_PREPROCESSOR_DEFINITIONS = (
					"DEBUG=1",
					"$(inherited)",
				);
				GCC_WARN_64_TO_32_BIT_CONVERSION = YES;
				GCC_WARN_ABOUT_RETURN_TYPE = YES_ERROR;
				GCC_WARN_UNDECLARED_SELECTOR = YES;
				GCC_WARN_UNINITIALIZED_AUTOS = YES_AGGRESSIVE;
				GCC_WARN_UNUSED_FUNCTION = YES;
				GCC_WARN_UNUSED_VARIABLE = YES;
				IPHONEOS_DEPLOYMENT_TARGET = 13.0;
				MTL_ENABLE_DEBUG_INFO = INCLUDE_SOURCE;
				MTL_FAST_MATH = YES;
				ONLY_ACTIVE_ARCH = YES;
				SDKROOT = iphoneos;
				SWIFT_ACTIVE_COMPILATION_CONDITIONS = DEBUG;
				SWIFT_OPTIMIZATION_LEVEL = "-Onone";
			};
			name = Debug;
		};
		2C9AD28F24D1EC0B009D8474 /* Release */ = {
			isa = XCBuildConfiguration;
			buildSettings = {
				ALWAYS_SEARCH_USER_PATHS = NO;
				CLANG_ANALYZER_NONNULL = YES;
				CLANG_ANALYZER_NUMBER_OBJECT_CONVERSION = YES_AGGRESSIVE;
				CLANG_CXX_LANGUAGE_STANDARD = "gnu++14";
				CLANG_CXX_LIBRARY = "libc++";
				CLANG_ENABLE_MODULES = YES;
				CLANG_ENABLE_OBJC_ARC = YES;
				CLANG_ENABLE_OBJC_WEAK = YES;
				CLANG_WARN_BLOCK_CAPTURE_AUTORELEASING = YES;
				CLANG_WARN_BOOL_CONVERSION = YES;
				CLANG_WARN_COMMA = YES;
				CLANG_WARN_CONSTANT_CONVERSION = YES;
				CLANG_WARN_DEPRECATED_OBJC_IMPLEMENTATIONS = YES;
				CLANG_WARN_DIRECT_OBJC_ISA_USAGE = YES_ERROR;
				CLANG_WARN_DOCUMENTATION_COMMENTS = YES;
				CLANG_WARN_EMPTY_BODY = YES;
				CLANG_WARN_ENUM_CONVERSION = YES;
				CLANG_WARN_INFINITE_RECURSION = YES;
				CLANG_WARN_INT_CONVERSION = YES;
				CLANG_WARN_NON_LITERAL_NULL_CONVERSION = YES;
				CLANG_WARN_OBJC_IMPLICIT_RETAIN_SELF = YES;
				CLANG_WARN_OBJC_LITERAL_CONVERSION = YES;
				CLANG_WARN_OBJC_ROOT_CLASS = YES_ERROR;
				CLANG_WARN_RANGE_LOOP_ANALYSIS = YES;
				CLANG_WARN_STRICT_PROTOTYPES = YES;
				CLANG_WARN_SUSPICIOUS_MOVE = YES;
				CLANG_WARN_UNGUARDED_AVAILABILITY = YES_AGGRESSIVE;
				CLANG_WARN_UNREACHABLE_CODE = YES;
				CLANG_WARN__DUPLICATE_METHOD_MATCH = YES;
				COPY_PHASE_STRIP = NO;
				DEBUG_INFORMATION_FORMAT = "dwarf-with-dsym";
				ENABLE_NS_ASSERTIONS = NO;
				ENABLE_STRICT_OBJC_MSGSEND = YES;
				GCC_C_LANGUAGE_STANDARD = gnu11;
				GCC_NO_COMMON_BLOCKS = YES;
				GCC_WARN_64_TO_32_BIT_CONVERSION = YES;
				GCC_WARN_ABOUT_RETURN_TYPE = YES_ERROR;
				GCC_WARN_UNDECLARED_SELECTOR = YES;
				GCC_WARN_UNINITIALIZED_AUTOS = YES_AGGRESSIVE;
				GCC_WARN_UNUSED_FUNCTION = YES;
				GCC_WARN_UNUSED_VARIABLE = YES;
				IPHONEOS_DEPLOYMENT_TARGET = 13.0;
				MTL_ENABLE_DEBUG_INFO = NO;
				MTL_FAST_MATH = YES;
				SDKROOT = iphoneos;
				SWIFT_COMPILATION_MODE = wholemodule;
				SWIFT_OPTIMIZATION_LEVEL = "-O";
				VALIDATE_PRODUCT = YES;
			};
			name = Release;
		};
		2C9AD29124D1EC0B009D8474 /* Debug */ = {
			isa = XCBuildConfiguration;
			buildSettings = {
				ASSETCATALOG_COMPILER_APPICON_NAME = AppIcon;
				CODE_SIGN_STYLE = Automatic;
				DEVELOPMENT_TEAM = FJAQ3Z7K75;
				FRAMEWORK_SEARCH_PATHS = (
					"$(inherited)",
					"$(PROJECT_DIR)/Carthage/Build/iOS",
				);
				INFOPLIST_FILE = VkNewsFeed/SupportFiles/Info.plist;
				LD_RUNPATH_SEARCH_PATHS = (
					"$(inherited)",
					"@executable_path/Frameworks",
				);
				PRODUCT_BUNDLE_IDENTIFIER = com.masalskikh.VkNewsFeed;
				PRODUCT_NAME = "$(TARGET_NAME)";
				SWIFT_VERSION = 5.0;
				TARGETED_DEVICE_FAMILY = "1,2";
			};
			name = Debug;
		};
		2C9AD29224D1EC0B009D8474 /* Release */ = {
			isa = XCBuildConfiguration;
			buildSettings = {
				ASSETCATALOG_COMPILER_APPICON_NAME = AppIcon;
				CODE_SIGN_STYLE = Automatic;
				DEVELOPMENT_TEAM = FJAQ3Z7K75;
				FRAMEWORK_SEARCH_PATHS = (
					"$(inherited)",
					"$(PROJECT_DIR)/Carthage/Build/iOS",
				);
				INFOPLIST_FILE = VkNewsFeed/SupportFiles/Info.plist;
				LD_RUNPATH_SEARCH_PATHS = (
					"$(inherited)",
					"@executable_path/Frameworks",
				);
				PRODUCT_BUNDLE_IDENTIFIER = com.masalskikh.VkNewsFeed;
				PRODUCT_NAME = "$(TARGET_NAME)";
				SWIFT_VERSION = 5.0;
				TARGETED_DEVICE_FAMILY = "1,2";
			};
			name = Release;
		};
/* End XCBuildConfiguration section */

/* Begin XCConfigurationList section */
		2C9AD27724D1EC0A009D8474 /* Build configuration list for PBXProject "VkNewsFeed" */ = {
			isa = XCConfigurationList;
			buildConfigurations = (
				2C9AD28E24D1EC0B009D8474 /* Debug */,
				2C9AD28F24D1EC0B009D8474 /* Release */,
			);
			defaultConfigurationIsVisible = 0;
			defaultConfigurationName = Release;
		};
		2C9AD29024D1EC0B009D8474 /* Build configuration list for PBXNativeTarget "VkNewsFeed" */ = {
			isa = XCConfigurationList;
			buildConfigurations = (
				2C9AD29124D1EC0B009D8474 /* Debug */,
				2C9AD29224D1EC0B009D8474 /* Release */,
			);
			defaultConfigurationIsVisible = 0;
			defaultConfigurationName = Release;
		};
/* End XCConfigurationList section */
	};
	rootObject = 2C9AD27424D1EC0A009D8474 /* Project object */;
}
